
Microsoft Visual Studio Solution File, Format Version 11.00
# Visual Studio 2010
Project("{FAE04EC0-301F-11D3-BF4B-00C04F79EFBC}") = "ChamberLib.FbxSharp", "ChamberLib.FbxSharp.csproj", "{4ABB80B8-8FBE-4592-9738-3C8D9366EA0F}"
EndProject
Project("{FAE04EC0-301F-11D3-BF4B-00C04F79EFBC}") = "ChamberLib.FbxSharp.Tests", "ChamberLib.FbxSharp.Tests\ChamberLib.FbxSharp.Tests.csproj", "{0877CB78-5DFB-4A75-B1EF-0A5E796EC804}"
EndProject
Global
	GlobalSection(SolutionConfigurationPlatforms) = preSolution
		Debug|Any CPU = Debug|Any CPU
		Release|Any CPU = Release|Any CPU
	EndGlobalSection
	GlobalSection(ProjectConfigurationPlatforms) = postSolution
		{0877CB78-5DFB-4A75-B1EF-0A5E796EC804}.Debug|Any CPU.ActiveCfg = Debug|Any CPU
		{0877CB78-5DFB-4A75-B1EF-0A5E796EC804}.Debug|Any CPU.Build.0 = Debug|Any CPU
		{0877CB78-5DFB-4A75-B1EF-0A5E796EC804}.Release|Any CPU.ActiveCfg = Release|Any CPU
		{0877CB78-5DFB-4A75-B1EF-0A5E796EC804}.Release|Any CPU.Build.0 = Release|Any CPU
		{4ABB80B8-8FBE-4592-9738-3C8D9366EA0F}.Debug|Any CPU.ActiveCfg = Debug|Any CPU
		{4ABB80B8-8FBE-4592-9738-3C8D9366EA0F}.Debug|Any CPU.Build.0 = Debug|Any CPU
		{4ABB80B8-8FBE-4592-9738-3C8D9366EA0F}.Release|Any CPU.ActiveCfg = Release|Any CPU
		{4ABB80B8-8FBE-4592-9738-3C8D9366EA0F}.Release|Any CPU.Build.0 = Release|Any CPU
	EndGlobalSection
EndGlobal
